
Microsoft Visual Studio Solution File, Format Version 12.00
# Visual Studio 15
VisualStudioVersion = 15.0.28307.645
MinimumVisualStudioVersion = 10.0.40219.1
Project("{FAE04EC0-301F-11D3-BF4B-00C04F79EFBC}") = "CpuOffOnWithPi.CLI", "CpuOffOnWithPi.CLI\CpuOffOnWithPi.CLI.csproj", "{A0A879E8-F338-45BB-BD7B-18B8999F3421}"
EndProject
Project("{FAE04EC0-301F-11D3-BF4B-00C04F79EFBC}") = "CpuOffOnWithPi.Web", "CpuOffOnWithPi.Web\CpuOffOnWithPi.Web.csproj", "{CF55076D-D397-4B41-A40A-6472BD20E985}"
EndProject
Project("{FAE04EC0-301F-11D3-BF4B-00C04F79EFBC}") = "CpuOffOnWithPi.CpuExe", "CpuOffOnWithPi.CpuExe\CpuOffOnWithPi.CpuExe.csproj", "{68348242-F41E-4438-BBF0-78966160C519}"
EndProject
Project("{2150E333-8FDC-42A3-9474-1A3956D46DE8}") = "Solution Items", "Solution Items", "{A35D965B-20EB-4654-AC62-0FF4542129B1}"
	ProjectSection(SolutionItems) = preProject
		README.md = README.md
	EndProjectSection
EndProject
Global
	GlobalSection(SolutionConfigurationPlatforms) = preSolution
		Debug|Any CPU = Debug|Any CPU
		Release|Any CPU = Release|Any CPU
	EndGlobalSection
	GlobalSection(ProjectConfigurationPlatforms) = postSolution
		{A0A879E8-F338-45BB-BD7B-18B8999F3421}.Debug|Any CPU.ActiveCfg = Debug|Any CPU
		{A0A879E8-F338-45BB-BD7B-18B8999F3421}.Debug|Any CPU.Build.0 = Debug|Any CPU
		{A0A879E8-F338-45BB-BD7B-18B8999F3421}.Release|Any CPU.ActiveCfg = Release|Any CPU
		{A0A879E8-F338-45BB-BD7B-18B8999F3421}.Release|Any CPU.Build.0 = Release|Any CPU
		{CF55076D-D397-4B41-A40A-6472BD20E985}.Debug|Any CPU.ActiveCfg = Debug|Any CPU
		{CF55076D-D397-4B41-A40A-6472BD20E985}.Debug|Any CPU.Build.0 = Debug|Any CPU
		{CF55076D-D397-4B41-A40A-6472BD20E985}.Release|Any CPU.ActiveCfg = Release|Any CPU
		{CF55076D-D397-4B41-A40A-6472BD20E985}.Release|Any CPU.Build.0 = Release|Any CPU
		{68348242-F41E-4438-BBF0-78966160C519}.Debug|Any CPU.ActiveCfg = Debug|Any CPU
		{68348242-F41E-4438-BBF0-78966160C519}.Debug|Any CPU.Build.0 = Debug|Any CPU
		{68348242-F41E-4438-BBF0-78966160C519}.Release|Any CPU.ActiveCfg = Release|Any CPU
		{68348242-F41E-4438-BBF0-78966160C519}.Release|Any CPU.Build.0 = Release|Any CPU
	EndGlobalSection
	GlobalSection(SolutionProperties) = preSolution
		HideSolutionNode = FALSE
	EndGlobalSection
	GlobalSection(ExtensibilityGlobals) = postSolution
		SolutionGuid = {31C198FD-97E8-4B31-A896-32A7A6D7C5BC}
	EndGlobalSection
EndGlobal
